{
  "version": 4,
  "terraform_version": "0.12.26",
  "serial": 45,
  "lineage": "14ddfe51-691b-b560-bcd9-3d1bc7b22c62",
  "outputs": {},
  "resources": [
    {
      "mode": "managed",
      "type": "aws_ebs_volume",
      "name": "ebs_volume",
      "provider": "provider.aws",
      "instances": [
        {
          "schema_version": 0,
          "attributes": {
            "arn": "arn:aws:ec2:ap-south-1:359334352500:volume/vol-059be1608991e7e60",
            "availability_zone": "ap-south-1b",
            "encrypted": false,
            "id": "vol-059be1608991e7e60",
            "iops": 100,
            "kms_key_id": "",
            "multi_attach_enabled": false,
            "outpost_arn": "",
            "size": 1,
            "snapshot_id": "",
            "tags": {
              "Name": "ebs1"
            },
            "throughput": 0,
            "type": "gp2"
          },
          "private": "bnVsbA==",
          "dependencies": [
            "aws_instance.first_instance",
            "aws_key_pair.generated_key",
            "tls_private_key.mykey"
          ]
        }
      ]
    },
    {
      "mode": "managed",
      "type": "aws_instance",
      "name": "first_instance",
      "provider": "provider.aws",
      "instances": [
        {
          "schema_version": 1,
          "attributes": {
            "ami": "ami-052c08d70def0ac62",
            "arn": "arn:aws:ec2:ap-south-1:359334352500:instance/i-0acf72075df74016a",
            "associate_public_ip_address": true,
            "availability_zone": "ap-south-1b",
            "cpu_core_count": 1,
            "cpu_threads_per_core": 1,
            "credit_specification": [
              {
                "cpu_credits": "standard"
              }
            ],
            "disable_api_termination": false,
            "ebs_block_device": [],
            "ebs_optimized": false,
            "enclave_options": [
              {
                "enabled": false
              }
            ],
            "ephemeral_block_device": [],
            "get_password_data": false,
            "hibernation": false,
            "host_id": null,
            "iam_instance_profile": "",
            "id": "i-0acf72075df74016a",
            "instance_initiated_shutdown_behavior": null,
            "instance_state": "running",
            "instance_type": "t2.micro",
            "ipv6_address_count": 0,
            "ipv6_addresses": [],
            "key_name": "my_key",
            "metadata_options": [
              {
                "http_endpoint": "enabled",
                "http_put_response_hop_limit": 1,
                "http_tokens": "optional"
              }
            ],
            "monitoring": false,
            "network_interface": [],
            "outpost_arn": "",
            "password_data": "",
            "placement_group": "",
            "primary_network_interface_id": "eni-0e4852ff77d535d48",
            "private_dns": "ip-172-31-4-113.ap-south-1.compute.internal",
            "private_ip": "172.31.4.113",
            "public_dns": "ec2-65-0-107-153.ap-south-1.compute.amazonaws.com",
            "public_ip": "65.0.107.153",
            "root_block_device": [
              {
                "delete_on_termination": true,
                "device_name": "/dev/sda1",
                "encrypted": false,
                "iops": 100,
                "kms_key_id": "",
                "tags": {},
                "throughput": 0,
                "volume_id": "vol-0dd81917480e7b093",
                "volume_size": 10,
                "volume_type": "gp2"
              }
            ],
            "secondary_private_ips": [],
            "security_groups": [
              "allow_tls"
            ],
            "source_dest_check": true,
            "subnet_id": "subnet-f5640fb9",
            "tags": {
              "Name": "myfirstos"
            },
            "tenancy": "default",
            "timeouts": null,
            "user_data": null,
            "user_data_base64": null,
            "volume_tags": null,
            "vpc_security_group_ids": [
              "sg-0fd86bea63a4602fb"
            ]
          },
          "private": "eyJlMmJmYjczMC1lY2FhLTExZTYtOGY4OC0zNDM2M2JjN2M0YzAiOnsiY3JlYXRlIjo2MDAwMDAwMDAwMDAsImRlbGV0ZSI6MTIwMDAwMDAwMDAwMCwidXBkYXRlIjo2MDAwMDAwMDAwMDB9LCJzY2hlbWFfdmVyc2lvbiI6IjEifQ==",
          "dependencies": [
            "aws_key_pair.generated_key",
            "tls_private_key.mykey"
          ]
        }
      ]
    },
    {
      "mode": "managed",
      "type": "aws_key_pair",
      "name": "generated_key",
      "provider": "provider.aws",
      "instances": [
        {
          "schema_version": 1,
          "attributes": {
            "arn": "arn:aws:ec2:ap-south-1:359334352500:key-pair/my_key",
            "fingerprint": "b9:da:5e:06:d9:98:31:30:35:2a:ab:e4:68:0d:04:96",
            "id": "my_key",
            "key_name": "my_key",
            "key_name_prefix": null,
            "key_pair_id": "key-0717b8ff7a19a0fca",
            "public_key": "ssh-rsa AAAAB3NzaC1yc2EAAAADAQABAAABAQDHAf4t3IbjspPq2DOzjb7RqhpgknOLZmsQNmtsZwi/gRz/SpWEvBQlMTZuOGs+QVpgQBUjxH83YaTUWKgJwqOx52yZAhtrkWPBVOwTdP4lyylriqizE+bynpPmJUr6C/Nh3ABZiFU1xzbc5mvq6J+RAlPD143d/CbsjH0qxHFzU1rfb6adnGmchN+6JGxC1X8OBmweDb+ysJsVTIHBUPDiJXuiOzXf+UVxR5ofYCLq75vk4XmxY/vxCGJcfbW6KBVy/NtdviaNbFwzqh5s+NlxuNvSdN63uD2/OGfl/huU/y7fAX+0NpWGC12vewiYy3zZ1WUgtqGGHNAym1rwX0UN",
            "tags": null
          },
          "private": "eyJzY2hlbWFfdmVyc2lvbiI6IjEifQ==",
          "dependencies": [
            "tls_private_key.mykey"
          ]
        }
      ]
    },
    {
      "mode": "managed",
      "type": "aws_security_group",
      "name": "allow_tls",
      "provider": "provider.aws",
      "instances": [
        {
          "schema_version": 1,
          "attributes": {
            "arn": "arn:aws:ec2:ap-south-1:359334352500:security-group/sg-0fd86bea63a4602fb",
            "description": "Allow TLS inbound traffic",
            "egress": [
              {
                "cidr_blocks": [
                  "0.0.0.0/0"
                ],
                "description": "",
                "from_port": 0,
                "ipv6_cidr_blocks": [],
                "prefix_list_ids": [],
                "protocol": "-1",
                "security_groups": [],
                "self": false,
                "to_port": 0
              }
            ],
            "id": "sg-0fd86bea63a4602fb",
            "ingress": [
              {
                "cidr_blocks": [
                  "0.0.0.0/0"
                ],
                "description": "HTTP",
                "from_port": 80,
                "ipv6_cidr_blocks": [],
                "prefix_list_ids": [],
                "protocol": "tcp",
                "security_groups": [],
                "self": false,
                "to_port": 80
              },
              {
                "cidr_blocks": [
                  "0.0.0.0/0"
                ],
                "description": "SSH",
                "from_port": 22,
                "ipv6_cidr_blocks": [],
                "prefix_list_ids": [],
                "protocol": "tcp",
                "security_groups": [],
                "self": false,
                "to_port": 22
              }
            ],
            "name": "allow_tls",
            "name_prefix": "",
            "owner_id": "359334352500",
            "revoke_rules_on_delete": false,
            "tags": {
              "Name": "allow_tls1"
            },
            "timeouts": null,
            "vpc_id": "vpc-9a928ff2"
          },
          "private": "eyJlMmJmYjczMC1lY2FhLTExZTYtOGY4OC0zNDM2M2JjN2M0YzAiOnsiY3JlYXRlIjo2MDAwMDAwMDAwMDAsImRlbGV0ZSI6OTAwMDAwMDAwMDAwfSwic2NoZW1hX3ZlcnNpb24iOiIxIn0="
        }
      ]
    },
    {
      "mode": "managed",
      "type": "aws_volume_attachment",
      "name": "ebs_att",
      "provider": "provider.aws",
      "instances": [
        {
          "schema_version": 0,
          "attributes": {
            "device_name": "/dev/xvdh",
            "force_detach": true,
            "id": "vai-910216962",
            "instance_id": "i-0acf72075df74016a",
            "skip_destroy": null,
            "volume_id": "vol-059be1608991e7e60"
          },
          "private": "bnVsbA==",
          "dependencies": [
            "aws_ebs_volume.ebs_volume",
            "aws_instance.first_instance",
            "aws_key_pair.generated_key",
            "tls_private_key.mykey"
          ]
        }
      ]
    },
    {
      "mode": "managed",
      "type": "local_file",
      "name": "keyfile",
      "provider": "provider.local",
      "instances": [
        {
          "schema_version": 0,
          "attributes": {
            "content": "-----BEGIN RSA PRIVATE KEY-----\nMIIEpAIBAAKCAQEAxwH+LdyG47KT6tgzs42+0aoaYJJzi2ZrEDZrbGcIv4Ec/0qV\nhLwUJTE2bjhrPkFaYEAVI8R/N2Gk1FioCcKjsedsmQIba5FjwVTsE3T+Jcspa4qo\nsxPm8p6T5iVK+gvzYdwAWYhVNcc23OZr6uifkQJTw9eN3fwm7Ix9KsRxc1Na32+m\nnZxpnITfuiRsQtV/DgZsHg2/srCbFUyBwVDw4iV7ojs13/lFcUeaH2Ai6u+b5OF5\nsWP78QhiXH21uigVcvzbXb4mjWxcM6oebPjZcbjb0nTet7g9vzhn5f4blP8u3wF/\ntDaVhgtdr3sImMt82dVlILahhhzQMpta8F9FDQIDAQABAoIBAArShOwhjgRb9cdT\nspwVHUdxpLWTwUzXaQMcsoLWp5cigl0vxSnOwJm1L2yXDN3519xcH8ouKWztlnUl\nzR2axCQsna9EehFDetVMtPnp5thPUBVVGQ+ECY8wKILfjFBEzhuIR0yXKWsfRlCF\nB2Fi/Sp5oeyIkGJ+D+/VRAlLXZAT48hJ2eoppwfjjaGoF0y2E/MSa44o5NSgxjwV\naqschz5CHFqQRvgawki6oBIgFDNM7YXHiaTmZLiua56xUFQMo+v0c1QGNb3uebee\nY6bWydpriDvaertEEi95NGcEkLgpNSzqpdPltDbFT8foJVJIaTQd3GwyRhr/TW7D\nXEw4/4ECgYEA8EM50dgd7unGCcLJ6oaur4fmPdHaiQphuc4/v1eFazIYhT92bUWR\n/zA3fV9WViY7x8bkJjyo5fDl1uyfGO+/+vsc7lgT8CuV+uyMyS4inLYQqmbbYXVR\nYEtK1qShPkcCPSbrSZ26/oZp0D2xTOjKRjOFxogco8czGVSlgckNnwUCgYEA1Ar/\nXq7TuhWvNiF3K3tn+/m+l2oMf4bdLxQ4O+kiaQsIdw5AgeVE6XzCeqYrP71wP/RA\nmYew6dHwPhGP9S/CnEsGw+bPuWOLs9/1vE3jsQKGYuIRHXUORFhjqfLbBApUeueB\nwh2zCL4DWDQFHqM9Ay6RFtWbQy9wuQRnZ/r6nGkCgYEAhQx1RGNtkBQc+uLHdfxH\nWCTlt24ympkJLR+t5YPN+mKveXp/VlukUbCdyeu1n9dkW2kkhpgo38zbOn2mTOTX\nZ2EP0F0uDV3VnDLKc838lNOtvu9epUWWXsDTHLHmKNqhvsOCoC2ck75TcmH3gSOY\nf++gMSTG11tETM63KHvx8xECgYEAu6q8F32d0D0u5Da8NRS0lHOWNoZaZ2fiTK+V\nkZilpthn9o77krtqwUd1DH4TGwe72C6CGh/Y+Sigex6qDXPmxtM0OqAGSusKkvlt\nkOpS0bANZmj0guC97slX8+sH4kyONnS9CCOm997MMP1hZptM/YrySIZnMxBCsM1w\nA7xCn7kCgYALjOr0LgnTmNXftVuCr4LTmyuBZnLmFIeJdfa77JYk4VcQTO+Kke80\nfBDajvgvKSM4OwviyvGwVTzFqCKJBBzja839b5zOUIWHDB/iM9M16Z9vYW4th8zL\nSGRLFdYNN4QsIOUijjK7e859xeMvokqCqQ1utUV+gVWRnQgVhmawFw==\n-----END RSA PRIVATE KEY-----\n",
            "content_base64": null,
            "directory_permission": "0777",
            "file_permission": "0777",
            "filename": "mykey.pem",
            "id": "becad1dc5033fbe70e5e8297ef83bc206fd24bcf",
            "sensitive_content": null,
            "source": null
          },
          "private": "bnVsbA==",
          "dependencies": [
            "aws_key_pair.generated_key",
            "tls_private_key.mykey"
          ]
        }
      ]
    },
    {
      "mode": "managed",
      "type": "tls_private_key",
      "name": "mykey",
      "provider": "provider.tls",
      "instances": [
        {
          "schema_version": 0,
          "attributes": {
            "algorithm": "RSA",
            "ecdsa_curve": "P224",
            "id": "34ba71dbad68419c46a4a384101d3a38bd64009c",
            "private_key_pem": "-----BEGIN RSA PRIVATE KEY-----\nMIIEpAIBAAKCAQEAxwH+LdyG47KT6tgzs42+0aoaYJJzi2ZrEDZrbGcIv4Ec/0qV\nhLwUJTE2bjhrPkFaYEAVI8R/N2Gk1FioCcKjsedsmQIba5FjwVTsE3T+Jcspa4qo\nsxPm8p6T5iVK+gvzYdwAWYhVNcc23OZr6uifkQJTw9eN3fwm7Ix9KsRxc1Na32+m\nnZxpnITfuiRsQtV/DgZsHg2/srCbFUyBwVDw4iV7ojs13/lFcUeaH2Ai6u+b5OF5\nsWP78QhiXH21uigVcvzbXb4mjWxcM6oebPjZcbjb0nTet7g9vzhn5f4blP8u3wF/\ntDaVhgtdr3sImMt82dVlILahhhzQMpta8F9FDQIDAQABAoIBAArShOwhjgRb9cdT\nspwVHUdxpLWTwUzXaQMcsoLWp5cigl0vxSnOwJm1L2yXDN3519xcH8ouKWztlnUl\nzR2axCQsna9EehFDetVMtPnp5thPUBVVGQ+ECY8wKILfjFBEzhuIR0yXKWsfRlCF\nB2Fi/Sp5oeyIkGJ+D+/VRAlLXZAT48hJ2eoppwfjjaGoF0y2E/MSa44o5NSgxjwV\naqschz5CHFqQRvgawki6oBIgFDNM7YXHiaTmZLiua56xUFQMo+v0c1QGNb3uebee\nY6bWydpriDvaertEEi95NGcEkLgpNSzqpdPltDbFT8foJVJIaTQd3GwyRhr/TW7D\nXEw4/4ECgYEA8EM50dgd7unGCcLJ6oaur4fmPdHaiQphuc4/v1eFazIYhT92bUWR\n/zA3fV9WViY7x8bkJjyo5fDl1uyfGO+/+vsc7lgT8CuV+uyMyS4inLYQqmbbYXVR\nYEtK1qShPkcCPSbrSZ26/oZp0D2xTOjKRjOFxogco8czGVSlgckNnwUCgYEA1Ar/\nXq7TuhWvNiF3K3tn+/m+l2oMf4bdLxQ4O+kiaQsIdw5AgeVE6XzCeqYrP71wP/RA\nmYew6dHwPhGP9S/CnEsGw+bPuWOLs9/1vE3jsQKGYuIRHXUORFhjqfLbBApUeueB\nwh2zCL4DWDQFHqM9Ay6RFtWbQy9wuQRnZ/r6nGkCgYEAhQx1RGNtkBQc+uLHdfxH\nWCTlt24ympkJLR+t5YPN+mKveXp/VlukUbCdyeu1n9dkW2kkhpgo38zbOn2mTOTX\nZ2EP0F0uDV3VnDLKc838lNOtvu9epUWWXsDTHLHmKNqhvsOCoC2ck75TcmH3gSOY\nf++gMSTG11tETM63KHvx8xECgYEAu6q8F32d0D0u5Da8NRS0lHOWNoZaZ2fiTK+V\nkZilpthn9o77krtqwUd1DH4TGwe72C6CGh/Y+Sigex6qDXPmxtM0OqAGSusKkvlt\nkOpS0bANZmj0guC97slX8+sH4kyONnS9CCOm997MMP1hZptM/YrySIZnMxBCsM1w\nA7xCn7kCgYALjOr0LgnTmNXftVuCr4LTmyuBZnLmFIeJdfa77JYk4VcQTO+Kke80\nfBDajvgvKSM4OwviyvGwVTzFqCKJBBzja839b5zOUIWHDB/iM9M16Z9vYW4th8zL\nSGRLFdYNN4QsIOUijjK7e859xeMvokqCqQ1utUV+gVWRnQgVhmawFw==\n-----END RSA PRIVATE KEY-----\n",
            "public_key_fingerprint_md5": "6c:3d:d0:7c:15:ce:3a:5e:d5:97:0c:9e:40:a4:30:21",
            "public_key_openssh": "ssh-rsa AAAAB3NzaC1yc2EAAAADAQABAAABAQDHAf4t3IbjspPq2DOzjb7RqhpgknOLZmsQNmtsZwi/gRz/SpWEvBQlMTZuOGs+QVpgQBUjxH83YaTUWKgJwqOx52yZAhtrkWPBVOwTdP4lyylriqizE+bynpPmJUr6C/Nh3ABZiFU1xzbc5mvq6J+RAlPD143d/CbsjH0qxHFzU1rfb6adnGmchN+6JGxC1X8OBmweDb+ysJsVTIHBUPDiJXuiOzXf+UVxR5ofYCLq75vk4XmxY/vxCGJcfbW6KBVy/NtdviaNbFwzqh5s+NlxuNvSdN63uD2/OGfl/huU/y7fAX+0NpWGC12vewiYy3zZ1WUgtqGGHNAym1rwX0UN\n",
            "public_key_pem": "-----BEGIN PUBLIC KEY-----\nMIIBIjANBgkqhkiG9w0BAQEFAAOCAQ8AMIIBCgKCAQEAxwH+LdyG47KT6tgzs42+\n0aoaYJJzi2ZrEDZrbGcIv4Ec/0qVhLwUJTE2bjhrPkFaYEAVI8R/N2Gk1FioCcKj\nsedsmQIba5FjwVTsE3T+Jcspa4qosxPm8p6T5iVK+gvzYdwAWYhVNcc23OZr6uif\nkQJTw9eN3fwm7Ix9KsRxc1Na32+mnZxpnITfuiRsQtV/DgZsHg2/srCbFUyBwVDw\n4iV7ojs13/lFcUeaH2Ai6u+b5OF5sWP78QhiXH21uigVcvzbXb4mjWxcM6oebPjZ\ncbjb0nTet7g9vzhn5f4blP8u3wF/tDaVhgtdr3sImMt82dVlILahhhzQMpta8F9F\nDQIDAQAB\n-----END PUBLIC KEY-----\n",
            "rsa_bits": 2048
          },
          "private": "bnVsbA=="
        }
      ]
    }
  ]
}
